// !$*UTF8*$!
{
	archiveVersion = 1;
	classes = {
	};
	objectVersion = 50;
	objects = {

/* Begin PBXBuildFile section */
		CF59D706229AE22D0079E462 /* AppDelegate.swift in Sources */ = {isa = PBXBuildFile; fileRef = CF59D705229AE22D0079E462 /* AppDelegate.swift */; };
		CF59D70D229AE22F0079E462 /* Assets.xcassets in Resources */ = {isa = PBXBuildFile; fileRef = CF59D70C229AE22F0079E462 /* Assets.xcassets */; };
		CF59D710229AE22F0079E462 /* LaunchScreen.storyboard in Resources */ = {isa = PBXBuildFile; fileRef = CF59D70E229AE22F0079E462 /* LaunchScreen.storyboard */; };
		CF59D719229AE7DB0079E462 /* VKSdkFramework.framework in Frameworks */ = {isa = PBXBuildFile; fileRef = CF59D718229AE7DB0079E462 /* VKSdkFramework.framework */; };
		CF81AAA9229AED7700D3CC01 /* AuthService.swift in Sources */ = {isa = PBXBuildFile; fileRef = CF81AAA8229AED7700D3CC01 /* AuthService.swift */; };
		CF81AAAC229AF01300D3CC01 /* AuthViewController.swift in Sources */ = {isa = PBXBuildFile; fileRef = CF81AAAB229AF01300D3CC01 /* AuthViewController.swift */; };
		CF81AAAE229AF02600D3CC01 /* AuthViewController.storyboard in Resources */ = {isa = PBXBuildFile; fileRef = CF81AAAD229AF02600D3CC01 /* AuthViewController.storyboard */; };
		CF81AAB1229AFE4600D3CC01 /* FeedViewController.swift in Sources */ = {isa = PBXBuildFile; fileRef = CF81AAB0229AFE4600D3CC01 /* FeedViewController.swift */; };
		CF81AAB3229AFE5800D3CC01 /* FeedViewController.storyboard in Resources */ = {isa = PBXBuildFile; fileRef = CF81AAB2229AFE5800D3CC01 /* FeedViewController.storyboard */; };
		CF81AAB5229B007C00D3CC01 /* UIViewController + Storyboard.swift in Sources */ = {isa = PBXBuildFile; fileRef = CF81AAB4229B007C00D3CC01 /* UIViewController + Storyboard.swift */; };
/* End PBXBuildFile section */

/* Begin PBXFileReference section */
		CF59D702229AE22D0079E462 /* vkFeed.app */ = {isa = PBXFileReference; explicitFileType = wrapper.application; includeInIndex = 0; path = vkFeed.app; sourceTree = BUILT_PRODUCTS_DIR; };
		CF59D705229AE22D0079E462 /* AppDelegate.swift */ = {isa = PBXFileReference; lastKnownFileType = sourcecode.swift; path = AppDelegate.swift; sourceTree = "<group>"; };
		CF59D70C229AE22F0079E462 /* Assets.xcassets */ = {isa = PBXFileReference; lastKnownFileType = folder.assetcatalog; path = Assets.xcassets; sourceTree = "<group>"; };
		CF59D70F229AE22F0079E462 /* Base */ = {isa = PBXFileReference; lastKnownFileType = file.storyboard; name = Base; path = Base.lproj/LaunchScreen.storyboard; sourceTree = "<group>"; };
		CF59D711229AE22F0079E462 /* Info.plist */ = {isa = PBXFileReference; lastKnownFileType = text.plist.xml; path = Info.plist; sourceTree = "<group>"; };
		CF59D718229AE7DB0079E462 /* VKSdkFramework.framework */ = {isa = PBXFileReference; lastKnownFileType = wrapper.framework; name = VKSdkFramework.framework; path = Carthage/Build/iOS/VKSdkFramework.framework; sourceTree = "<group>"; };
		CF81AAA8229AED7700D3CC01 /* AuthService.swift */ = {isa = PBXFileReference; lastKnownFileType = sourcecode.swift; path = AuthService.swift; sourceTree = "<group>"; };
		CF81AAAB229AF01300D3CC01 /* AuthViewController.swift */ = {isa = PBXFileReference; lastKnownFileType = sourcecode.swift; path = AuthViewController.swift; sourceTree = "<group>"; };
		CF81AAAD229AF02600D3CC01 /* AuthViewController.storyboard */ = {isa = PBXFileReference; lastKnownFileType = file.storyboard; path = AuthViewController.storyboard; sourceTree = "<group>"; };
		CF81AAB0229AFE4600D3CC01 /* FeedViewController.swift */ = {isa = PBXFileReference; lastKnownFileType = sourcecode.swift; path = FeedViewController.swift; sourceTree = "<group>"; };
		CF81AAB2229AFE5800D3CC01 /* FeedViewController.storyboard */ = {isa = PBXFileReference; lastKnownFileType = file.storyboard; path = FeedViewController.storyboard; sourceTree = "<group>"; };
		CF81AAB4229B007C00D3CC01 /* UIViewController + Storyboard.swift */ = {isa = PBXFileReference; lastKnownFileType = sourcecode.swift; path = "UIViewController + Storyboard.swift"; sourceTree = "<group>"; };
/* End PBXFileReference section */

/* Begin PBXFrameworksBuildPhase section */
		CF59D6FF229AE22D0079E462 /* Frameworks */ = {
			isa = PBXFrameworksBuildPhase;
			buildActionMask = 2147483647;
			files = (
				CF59D719229AE7DB0079E462 /* VKSdkFramework.framework in Frameworks */,
			);
			runOnlyForDeploymentPostprocessing = 0;
		};
/* End PBXFrameworksBuildPhase section */

/* Begin PBXGroup section */
		CF59D6F9229AE22D0079E462 = {
			isa = PBXGroup;
			children = (
				CF59D704229AE22D0079E462 /* vkFeed */,
				CF59D703229AE22D0079E462 /* Products */,
				CF59D717229AE7DB0079E462 /* Frameworks */,
			);
			sourceTree = "<group>";
		};
		CF59D703229AE22D0079E462 /* Products */ = {
			isa = PBXGroup;
			children = (
				CF59D702229AE22D0079E462 /* vkFeed.app */,
			);
			name = Products;
			sourceTree = "<group>";
		};
		CF59D704229AE22D0079E462 /* vkFeed */ = {
			isa = PBXGroup;
			children = (
				CF59D705229AE22D0079E462 /* AppDelegate.swift */,
				CF81AAAF229AF03B00D3CC01 /* Auth */,
				CF81AAB6229B008A00D3CC01 /* Helpers */,
				CF81AAB0229AFE4600D3CC01 /* FeedViewController.swift */,
				CF81AAB2229AFE5800D3CC01 /* FeedViewController.storyboard */,
				CF81AAAA229AED7E00D3CC01 /* Services */,
				CF59D70C229AE22F0079E462 /* Assets.xcassets */,
				CF59D70E229AE22F0079E462 /* LaunchScreen.storyboard */,
				CF59D711229AE22F0079E462 /* Info.plist */,
			);
			path = vkFeed;
			sourceTree = "<group>";
		};
		CF59D717229AE7DB0079E462 /* Frameworks */ = {
			isa = PBXGroup;
			children = (
				CF59D718229AE7DB0079E462 /* VKSdkFramework.framework */,
			);
			name = Frameworks;
			sourceTree = "<group>";
		};
		CF81AAAA229AED7E00D3CC01 /* Services */ = {
			isa = PBXGroup;
			children = (
				CF81AAA8229AED7700D3CC01 /* AuthService.swift */,
			);
			path = Services;
			sourceTree = "<group>";
		};
		CF81AAAF229AF03B00D3CC01 /* Auth */ = {
			isa = PBXGroup;
			children = (
				CF81AAAB229AF01300D3CC01 /* AuthViewController.swift */,
				CF81AAAD229AF02600D3CC01 /* AuthViewController.storyboard */,
			);
			path = Auth;
			sourceTree = "<group>";
		};
		CF81AAB6229B008A00D3CC01 /* Helpers */ = {
			isa = PBXGroup;
			children = (
				CF81AAB4229B007C00D3CC01 /* UIViewController + Storyboard.swift */,
			);
			path = Helpers;
			sourceTree = "<group>";
		};
/* End PBXGroup section */

/* Begin PBXNativeTarget section */
		CF59D701229AE22D0079E462 /* vkFeed */ = {
			isa = PBXNativeTarget;
			buildConfigurationList = CF59D714229AE22F0079E462 /* Build configuration list for PBXNativeTarget "vkFeed" */;
			buildPhases = (
				CF59D6FE229AE22D0079E462 /* Sources */,
				CF59D6FF229AE22D0079E462 /* Frameworks */,
				CF59D700229AE22D0079E462 /* Resources */,
				CF59D71A229AE8020079E462 /* ShellScript */,
			);
			buildRules = (
			);
			dependencies = (
			);
			name = vkFeed;
			productName = vkFeed;
			productReference = CF59D702229AE22D0079E462 /* vkFeed.app */;
			productType = "com.apple.product-type.application";
		};
/* End PBXNativeTarget section */

/* Begin PBXProject section */
		CF59D6FA229AE22D0079E462 /* Project object */ = {
			isa = PBXProject;
			attributes = {
				LastSwiftUpdateCheck = 1020;
				LastUpgradeCheck = 1020;
				ORGANIZATIONNAME = "LosAnatoly Inc.";
				TargetAttributes = {
					CF59D701229AE22D0079E462 = {
						CreatedOnToolsVersion = 10.2.1;
					};
				};
			};
			buildConfigurationList = CF59D6FD229AE22D0079E462 /* Build configuration list for PBXProject "vkFeed" */;
			compatibilityVersion = "Xcode 9.3";
			developmentRegion = en;
			hasScannedForEncodings = 0;
			knownRegions = (
				en,
				Base,
			);
			mainGroup = CF59D6F9229AE22D0079E462;
			productRefGroup = CF59D703229AE22D0079E462 /* Products */;
			projectDirPath = "";
			projectRoot = "";
			targets = (
				CF59D701229AE22D0079E462 /* vkFeed */,
			);
		};
/* End PBXProject section */

/* Begin PBXResourcesBuildPhase section */
		CF59D700229AE22D0079E462 /* Resources */ = {
			isa = PBXResourcesBuildPhase;
			buildActionMask = 2147483647;
			files = (
				CF59D710229AE22F0079E462 /* LaunchScreen.storyboard in Resources */,
				CF81AAAE229AF02600D3CC01 /* AuthViewController.storyboard in Resources */,
				CF59D70D229AE22F0079E462 /* Assets.xcassets in Resources */,
				CF81AAB3229AFE5800D3CC01 /* FeedViewController.storyboard in Resources */,
			);
			runOnlyForDeploymentPostprocessing = 0;
		};
/* End PBXResourcesBuildPhase section */

/* Begin PBXShellScriptBuildPhase section */
		CF59D71A229AE8020079E462 /* ShellScript */ = {
			isa = PBXShellScriptBuildPhase;
			buildActionMask = 2147483647;
			files = (
			);
			inputFileListPaths = (
			);
			inputPaths = (
				"$(SRCROOT)/Carthage/Build/iOS/VKSdkFramework.framework",
			);
			outputFileListPaths = (
			);
			outputPaths = (
			);
			runOnlyForDeploymentPostprocessing = 0;
			shellPath = /bin/sh;
			shellScript = "/usr/local/bin/carthage copy-frameworks\n";
		};
/* End PBXShellScriptBuildPhase section */

/* Begin PBXSourcesBuildPhase section */
		CF59D6FE229AE22D0079E462 /* Sources */ = {
			isa = PBXSourcesBuildPhase;
			buildActionMask = 2147483647;
			files = (
				CF81AAA9229AED7700D3CC01 /* AuthService.swift in Sources */,
				CF81AAB5229B007C00D3CC01 /* UIViewController + Storyboard.swift in Sources */,
				CF81AAAC229AF01300D3CC01 /* AuthViewController.swift in Sources */,
				CF81AAB1229AFE4600D3CC01 /* FeedViewController.swift in Sources */,
				CF59D706229AE22D0079E462 /* AppDelegate.swift in Sources */,
			);
			runOnlyForDeploymentPostprocessing = 0;
		};
/* End PBXSourcesBuildPhase section */

/* Begin PBXVariantGroup section */
		CF59D70E229AE22F0079E462 /* LaunchScreen.storyboard */ = {
			isa = PBXVariantGroup;
			children = (
				CF59D70F229AE22F0079E462 /* Base */,
			);
			name = LaunchScreen.storyboard;
			sourceTree = "<group>";
		};
/* End PBXVariantGroup section */

/* Begin XCBuildConfiguration section */
		CF59D712229AE22F0079E462 /* Debug */ = {
			isa = XCBuildConfiguration;
			buildSettings = {
				ALWAYS_SEARCH_USER_PATHS = NO;
				CLANG_ANALYZER_NONNULL = YES;
				CLANG_ANALYZER_NUMBER_OBJECT_CONVERSION = YES_AGGRESSIVE;
				CLANG_CXX_LANGUAGE_STANDARD = "gnu++14";
				CLANG_CXX_LIBRARY = "libc++";
				CLANG_ENABLE_MODULES = YES;
				CLANG_ENABLE_OBJC_ARC = YES;
				CLANG_ENABLE_OBJC_WEAK = YES;
				CLANG_WARN_BLOCK_CAPTURE_AUTORELEASING = YES;
				CLANG_WARN_BOOL_CONVERSION = YES;
				CLANG_WARN_COMMA = YES;
				CLANG_WARN_CONSTANT_CONVERSION = YES;
				CLANG_WARN_DEPRECATED_OBJC_IMPLEMENTATIONS = YES;
				CLANG_WARN_DIRECT_OBJC_ISA_USAGE = YES_ERROR;
				CLANG_WARN_DOCUMENTATION_COMMENTS = YES;
				CLANG_WARN_EMPTY_BODY = YES;
				CLANG_WARN_ENUM_CONVERSION = YES;
				CLANG_WARN_INFINITE_RECURSION = YES;
				CLANG_WARN_INT_CONVERSION = YES;
				CLANG_WARN_NON_LITERAL_NULL_CONVERSION = YES;
				CLANG_WARN_OBJC_IMPLICIT_RETAIN_SELF = YES;
				CLANG_WARN_OBJC_LITERAL_CONVERSION = YES;
				CLANG_WARN_OBJC_ROOT_CLASS = YES_ERROR;
				CLANG_WARN_RANGE_LOOP_ANALYSIS = YES;
				CLANG_WARN_STRICT_PROTOTYPES = YES;
				CLANG_WARN_SUSPICIOUS_MOVE = YES;
				CLANG_WARN_UNGUARDED_AVAILABILITY = YES_AGGRESSIVE;
				CLANG_WARN_UNREACHABLE_CODE = YES;
				CLANG_WARN__DUPLICATE_METHOD_MATCH = YES;
				CODE_SIGN_IDENTITY = "iPhone Developer";
				COPY_PHASE_STRIP = NO;
				DEBUG_INFORMATION_FORMAT = dwarf;
				ENABLE_STRICT_OBJC_MSGSEND = YES;
				ENABLE_TESTABILITY = YES;
				GCC_C_LANGUAGE_STANDARD = gnu11;
				GCC_DYNAMIC_NO_PIC = NO;
				GCC_NO_COMMON_BLOCKS = YES;
				GCC_OPTIMIZATION_LEVEL = 0;
				GCC_PREPROCESSOR_DEFINITIONS = (
					"DEBUG=1",
					"$(inherited)",
				);
				GCC_WARN_64_TO_32_BIT_CONVERSION = YES;
				GCC_WARN_ABOUT_RETURN_TYPE = YES_ERROR;
				GCC_WARN_UNDECLARED_SELECTOR = YES;
				GCC_WARN_UNINITIALIZED_AUTOS = YES_AGGRESSIVE;
				GCC_WARN_UNUSED_FUNCTION = YES;
				GCC_WARN_UNUSED_VARIABLE = YES;
				IPHONEOS_DEPLOYMENT_TARGET = 12.2;
				MTL_ENABLE_DEBUG_INFO = INCLUDE_SOURCE;
				MTL_FAST_MATH = YES;
				ONLY_ACTIVE_ARCH = YES;
				SDKROOT = iphoneos;
				SWIFT_ACTIVE_COMPILATION_CONDITIONS = DEBUG;
				SWIFT_OPTIMIZATION_LEVEL = "-Onone";
			};
			name = Debug;
		};
		CF59D713229AE22F0079E462 /* Release */ = {
			isa = XCBuildConfiguration;
			buildSettings = {
				ALWAYS_SEARCH_USER_PATHS = NO;
				CLANG_ANALYZER_NONNULL = YES;
				CLANG_ANALYZER_NUMBER_OBJECT_CONVERSION = YES_AGGRESSIVE;
				CLANG_CXX_LANGUAGE_STANDARD = "gnu++14";
				CLANG_CXX_LIBRARY = "libc++";
				CLANG_ENABLE_MODULES = YES;
				CLANG_ENABLE_OBJC_ARC = YES;
				CLANG_ENABLE_OBJC_WEAK = YES;
				CLANG_WARN_BLOCK_CAPTURE_AUTORELEASING = YES;
				CLANG_WARN_BOOL_CONVERSION = YES;
				CLANG_WARN_COMMA = YES;
				CLANG_WARN_CONSTANT_CONVERSION = YES;
				CLANG_WARN_DEPRECATED_OBJC_IMPLEMENTATIONS = YES;
				CLANG_WARN_DIRECT_OBJC_ISA_USAGE = YES_ERROR;
				CLANG_WARN_DOCUMENTATION_COMMENTS = YES;
				CLANG_WARN_EMPTY_BODY = YES;
				CLANG_WARN_ENUM_CONVERSION = YES;
				CLANG_WARN_INFINITE_RECURSION = YES;
				CLANG_WARN_INT_CONVERSION = YES;
				CLANG_WARN_NON_LITERAL_NULL_CONVERSION = YES;
				CLANG_WARN_OBJC_IMPLICIT_RETAIN_SELF = YES;
				CLANG_WARN_OBJC_LITERAL_CONVERSION = YES;
				CLANG_WARN_OBJC_ROOT_CLASS = YES_ERROR;
				CLANG_WARN_RANGE_LOOP_ANALYSIS = YES;
				CLANG_WARN_STRICT_PROTOTYPES = YES;
				CLANG_WARN_SUSPICIOUS_MOVE = YES;
				CLANG_WARN_UNGUARDED_AVAILABILITY = YES_AGGRESSIVE;
				CLANG_WARN_UNREACHABLE_CODE = YES;
				CLANG_WARN__DUPLICATE_METHOD_MATCH = YES;
				CODE_SIGN_IDENTITY = "iPhone Developer";
				COPY_PHASE_STRIP = NO;
				DEBUG_INFORMATION_FORMAT = "dwarf-with-dsym";
				ENABLE_NS_ASSERTIONS = NO;
				ENABLE_STRICT_OBJC_MSGSEND = YES;
				GCC_C_LANGUAGE_STANDARD = gnu11;
				GCC_NO_COMMON_BLOCKS = YES;
				GCC_WARN_64_TO_32_BIT_CONVERSION = YES;
				GCC_WARN_ABOUT_RETURN_TYPE = YES_ERROR;
				GCC_WARN_UNDECLARED_SELECTOR = YES;
				GCC_WARN_UNINITIALIZED_AUTOS = YES_AGGRESSIVE;
				GCC_WARN_UNUSED_FUNCTION = YES;
				GCC_WARN_UNUSED_VARIABLE = YES;
				IPHONEOS_DEPLOYMENT_TARGET = 12.2;
				MTL_ENABLE_DEBUG_INFO = NO;
				MTL_FAST_MATH = YES;
				SDKROOT = iphoneos;
				SWIFT_COMPILATION_MODE = wholemodule;
				SWIFT_OPTIMIZATION_LEVEL = "-O";
				VALIDATE_PRODUCT = YES;
			};
			name = Release;
		};
		CF59D715229AE22F0079E462 /* Debug */ = {
			isa = XCBuildConfiguration;
			buildSettings = {
				ASSETCATALOG_COMPILER_APPICON_NAME = AppIcon;
				CODE_SIGN_IDENTITY = "iPhone Developer";
				CODE_SIGN_STYLE = Automatic;
				DEVELOPMENT_TEAM = 47M342TKQP;
				FRAMEWORK_SEARCH_PATHS = (
					"$(inherited)",
					"$(PROJECT_DIR)/Carthage/Build/iOS",
				);
				INFOPLIST_FILE = vkFeed/Info.plist;
				LD_RUNPATH_SEARCH_PATHS = (
					"$(inherited)",
					"@executable_path/Frameworks",
				);
				PRODUCT_BUNDLE_IDENTIFIER = com.Spiralka.vkFeed;
				PRODUCT_NAME = "$(TARGET_NAME)";
				PROVISIONING_PROFILE_SPECIFIER = "";
				SWIFT_VERSION = 5.0;
				TARGETED_DEVICE_FAMILY = "1,2";
			};
			name = Debug;
		};
		CF59D716229AE22F0079E462 /* Release */ = {
			isa = XCBuildConfiguration;
			buildSettings = {
				ASSETCATALOG_COMPILER_APPICON_NAME = AppIcon;
				CODE_SIGN_IDENTITY = "iPhone Developer";
				CODE_SIGN_STYLE = Automatic;
				DEVELOPMENT_TEAM = 47M342TKQP;
				FRAMEWORK_SEARCH_PATHS = (
					"$(inherited)",
					"$(PROJECT_DIR)/Carthage/Build/iOS",
				);
				INFOPLIST_FILE = vkFeed/Info.plist;
				LD_RUNPATH_SEARCH_PATHS = (
					"$(inherited)",
					"@executable_path/Frameworks",
				);
				PRODUCT_BUNDLE_IDENTIFIER = com.Spiralka.vkFeed;
				PRODUCT_NAME = "$(TARGET_NAME)";
				PROVISIONING_PROFILE_SPECIFIER = "";
				SWIFT_VERSION = 5.0;
				TARGETED_DEVICE_FAMILY = "1,2";
			};
			name = Release;
		};
/* End XCBuildConfiguration section */

/* Begin XCConfigurationList section */
		CF59D6FD229AE22D0079E462 /* Build configuration list for PBXProject "vkFeed" */ = {
			isa = XCConfigurationList;
			buildConfigurations = (
				CF59D712229AE22F0079E462 /* Debug */,
				CF59D713229AE22F0079E462 /* Release */,
			);
			defaultConfigurationIsVisible = 0;
			defaultConfigurationName = Release;
		};
		CF59D714229AE22F0079E462 /* Build configuration list for PBXNativeTarget "vkFeed" */ = {
			isa = XCConfigurationList;
			buildConfigurations = (
				CF59D715229AE22F0079E462 /* Debug */,
				CF59D716229AE22F0079E462 /* Release */,
			);
			defaultConfigurationIsVisible = 0;
			defaultConfigurationName = Release;
		};
/* End XCConfigurationList section */
	};
	rootObject = CF59D6FA229AE22D0079E462 /* Project object */;
}
